# This file is automatically @generated by Cargo.
# It is not intended for manual editing.
version = 4

[[package]]
name = "cms-app"
version = "0.1.0"
dependencies = [
 "cms-core",
]

[[package]]
name = "cms-core"
version = "0.1.0"

[[package]]
name = "cms-html"
version = "0.1.0"
dependencies = [
 "cms-core",
]

[[package]]
name = "cms-worker"
version = "0.1.0"
dependencies = [
 "cms-app",
 "cms-core",
 "cms-html",
]

[[package]]
name = "cms-xtask"
version = "0.1.0"
dependencies = [
 "cms-core",
]
